
Microsoft Visual Studio Solution File, Format Version 12.00
# Visual Studio Version 17
VisualStudioVersion = 17.10.34928.147
MinimumVisualStudioVersion = 10.0.40219.1
Project("{FAE04EC0-301F-11D3-BF4B-00C04F79EFBC}") = "Invoice.Core", "Invoice.Core\Invoice.Core.csproj", "{12FE0AD0-D624-4762-BABE-CDAD3755E237}"
EndProject
Global
	GlobalSection(SolutionConfigurationPlatforms) = preSolution
		Debug|Any CPU = Debug|Any CPU
		Release|Any CPU = Release|Any CPU
	EndGlobalSection
	GlobalSection(ProjectConfigurationPlatforms) = postSolution
		{12FE0AD0-D624-4762-BABE-CDAD3755E237}.Debug|Any CPU.ActiveCfg = Debug|Any CPU
		{12FE0AD0-D624-4762-BABE-CDAD3755E237}.Debug|Any CPU.Build.0 = Debug|Any CPU
		{12FE0AD0-D624-4762-BABE-CDAD3755E237}.Release|Any CPU.ActiveCfg = Release|Any CPU
		{12FE0AD0-D624-4762-BABE-CDAD3755E237}.Release|Any CPU.Build.0 = Release|Any CPU
	EndGlobalSection
	GlobalSection(SolutionProperties) = preSolution
		HideSolutionNode = FALSE
	EndGlobalSection
	GlobalSection(ExtensibilityGlobals) = postSolution
		SolutionGuid = {018E7A0C-A66D-4948-B218-6B56E4FF464E}
	EndGlobalSection
EndGlobal
